
Microsoft Visual Studio Solution File, Format Version 12.00
# Visual Studio 15
VisualStudioVersion = 15.0.26430.15
MinimumVisualStudioVersion = 10.0.40219.1
Project("{FAE04EC0-301F-11D3-BF4B-00C04F79EFBC}") = "1-1. Average Student Grades", "1-1. Average Student Grades\1-1. Average Student Grades.csproj", "{1867EE13-338B-48CC-93B4-3D1549078D2B}"
EndProject
Project("{FAE04EC0-301F-11D3-BF4B-00C04F79EFBC}") = "1-2. Cities by Continent and Country", "1-2. Cities by Continent and Country\1-2. Cities by Continent and Country.csproj", "{1C8966DE-729C-4F5C-878B-2969C02F9825}"
EndProject
Project("{FAE04EC0-301F-11D3-BF4B-00C04F79EFBC}") = "1-3. Record Unique Names", "1-3. Record Unique Names\1-3. Record Unique Names.csproj", "{86F677A3-CA76-45CF-B99D-C5D6C44E09C0}"
EndProject
Project("{FAE04EC0-301F-11D3-BF4B-00C04F79EFBC}") = "2-1. Wardrobe", "2-1. Wardrobe\2-1. Wardrobe.csproj", "{9E5EB2FD-D761-47A5-9729-78F2E8B6B8C4}"
EndProject
Global
	GlobalSection(SolutionConfigurationPlatforms) = preSolution
		Debug|Any CPU = Debug|Any CPU
		Release|Any CPU = Release|Any CPU
	EndGlobalSection
	GlobalSection(ProjectConfigurationPlatforms) = postSolution
		{1867EE13-338B-48CC-93B4-3D1549078D2B}.Debug|Any CPU.ActiveCfg = Debug|Any CPU
		{1867EE13-338B-48CC-93B4-3D1549078D2B}.Debug|Any CPU.Build.0 = Debug|Any CPU
		{1867EE13-338B-48CC-93B4-3D1549078D2B}.Release|Any CPU.ActiveCfg = Release|Any CPU
		{1867EE13-338B-48CC-93B4-3D1549078D2B}.Release|Any CPU.Build.0 = Release|Any CPU
		{1C8966DE-729C-4F5C-878B-2969C02F9825}.Debug|Any CPU.ActiveCfg = Debug|Any CPU
		{1C8966DE-729C-4F5C-878B-2969C02F9825}.Debug|Any CPU.Build.0 = Debug|Any CPU
		{1C8966DE-729C-4F5C-878B-2969C02F9825}.Release|Any CPU.ActiveCfg = Release|Any CPU
		{1C8966DE-729C-4F5C-878B-2969C02F9825}.Release|Any CPU.Build.0 = Release|Any CPU
		{86F677A3-CA76-45CF-B99D-C5D6C44E09C0}.Debug|Any CPU.ActiveCfg = Debug|Any CPU
		{86F677A3-CA76-45CF-B99D-C5D6C44E09C0}.Debug|Any CPU.Build.0 = Debug|Any CPU
		{86F677A3-CA76-45CF-B99D-C5D6C44E09C0}.Release|Any CPU.ActiveCfg = Release|Any CPU
		{86F677A3-CA76-45CF-B99D-C5D6C44E09C0}.Release|Any CPU.Build.0 = Release|Any CPU
		{9E5EB2FD-D761-47A5-9729-78F2E8B6B8C4}.Debug|Any CPU.ActiveCfg = Debug|Any CPU
		{9E5EB2FD-D761-47A5-9729-78F2E8B6B8C4}.Debug|Any CPU.Build.0 = Debug|Any CPU
		{9E5EB2FD-D761-47A5-9729-78F2E8B6B8C4}.Release|Any CPU.ActiveCfg = Release|Any CPU
		{9E5EB2FD-D761-47A5-9729-78F2E8B6B8C4}.Release|Any CPU.Build.0 = Release|Any CPU
	EndGlobalSection
	GlobalSection(SolutionProperties) = preSolution
		HideSolutionNode = FALSE
	EndGlobalSection
EndGlobal
