
Microsoft Visual Studio Solution File, Format Version 12.00
# Visual Studio 15
VisualStudioVersion = 15.0.26430.15
MinimumVisualStudioVersion = 10.0.40219.1
Project("{FAE04EC0-301F-11D3-BF4B-00C04F79EFBC}") = "1-1. Sum, Min, Max, Average", "1-1. Sum, Min, Max, Average\1-1. Sum, Min, Max, Average.csproj", "{71A4881F-17EC-488A-8654-61B2CF77CBFD}"
EndProject
Project("{FAE04EC0-301F-11D3-BF4B-00C04F79EFBC}") = "1-2. Largest 3 Numbers", "1-2. Largest 3 Numbers\1-2. Largest 3 Numbers.csproj", "{700D64D6-2981-4AB4-8CCC-B0281D6C85CD}"
EndProject
Project("{FAE04EC0-301F-11D3-BF4B-00C04F79EFBC}") = "1-3. Short Words Sorted", "1-3. Short Words Sorted\1-3. Short Words Sorted.csproj", "{3467CC7A-34C4-489B-AC11-E23E79FC760E}"
EndProject
Project("{FAE04EC0-301F-11D3-BF4B-00C04F79EFBC}") = "1-4. Fold and Sum", "1-4. Fold and Sum\1-4. Fold and Sum.csproj", "{A180C5CE-D98A-43D3-985B-40B0394F5006}"
EndProject
Project("{FAE04EC0-301F-11D3-BF4B-00C04F79EFBC}") = "2-6. CottageScraper", "2-6. CottageScraper\2-6. CottageScraper.csproj", "{11635DD9-A1F2-4FE1-BB55-55A95BF2BB8A}"
EndProject
Project("{FAE04EC0-301F-11D3-BF4B-00C04F79EFBC}") = "2-5. Flatten Dictionary", "2-5. Flatten Dictionary\2-5. Flatten Dictionary.csproj", "{D60E1E47-0BC5-42AE-91CB-149C5657AD16}"
EndProject
Project("{FAE04EC0-301F-11D3-BF4B-00C04F79EFBC}") = "2-1. Registered Users", "2-1. Registered Users\2-1. Registered Users.csproj", "{D4F8C3DF-ED81-45FF-BFC6-1A5E578F262D}"
EndProject
Project("{FAE04EC0-301F-11D3-BF4B-00C04F79EFBC}") = "2-2. Default Values", "2-2. Default Values\2-2. Default Values.csproj", "{6AEE72C6-A2CB-4FDA-A0FC-E46159E489F8}"
EndProject
Project("{FAE04EC0-301F-11D3-BF4B-00C04F79EFBC}") = "2-5. Flatten Dictionary-Var", "2-5. Flatten Dictionary-Var\2-5. Flatten Dictionary-Var.csproj", "{9ECF50A1-4BAA-4E0A-B73E-61DD5A8D398C}"
EndProject
Project("{FAE04EC0-301F-11D3-BF4B-00C04F79EFBC}") = "2-3. Shopping Spree", "2-3. Shopping Spree\2-3. Shopping Spree.csproj", "{CCB95876-867C-450D-BBA3-6F27DC0C66A7}"
EndProject
Project("{FAE04EC0-301F-11D3-BF4B-00C04F79EFBC}") = "2-4. SoftUni Beer Pong", "2-4. SoftUni Beer Pong\2-4. SoftUni Beer Pong.csproj", "{ED8BAA96-92C1-4D82-B5C3-3228832B2B55}"
EndProject
Project("{FAE04EC0-301F-11D3-BF4B-00C04F79EFBC}") = "3-1. Array Data", "3-1. Array Data\3-1. Array Data.csproj", "{01286FF7-8E5D-4103-BF4D-28160269F840}"
EndProject
Project("{FAE04EC0-301F-11D3-BF4B-00C04F79EFBC}") = "3-2. String Decryption", "3-2. String Decryption\3-2. String Decryption.csproj", "{A504B3D5-7584-44C3-A694-4D6DA34D476D}"
EndProject
Project("{FAE04EC0-301F-11D3-BF4B-00C04F79EFBC}") = "3-3. Camping", "3-3. Camping\3-3. Camping.csproj", "{773EA1D0-3794-4C8F-BD09-032938749566}"
EndProject
Project("{FAE04EC0-301F-11D3-BF4B-00C04F79EFBC}") = "4. Most Valued Customer", "4. Most Valued Customer\4. Most Valued Customer.csproj", "{D18BBC10-4A51-416E-B8EE-9526913E50FB}"
EndProject
Project("{FAE04EC0-301F-11D3-BF4B-00C04F79EFBC}") = "5. Lambada Expressions", "5. Lambada Expressions\5. Lambada Expressions.csproj", "{53FC96D0-07EA-46FA-8F74-2B24380A25EE}"
EndProject
Project("{FAE04EC0-301F-11D3-BF4B-00C04F79EFBC}") = "6. Ordered Banking System", "6. Ordered Banking System\6. Ordered Banking System.csproj", "{77B7FE3C-628A-47BD-A597-32E6D7FCD4A2}"
EndProject
Project("{FAE04EC0-301F-11D3-BF4B-00C04F79EFBC}") = "7. LINQuistics", "7. LINQuistics\7. LINQuistics.csproj", "{A145AAD4-41F6-4909-A794-77512A1C6007}"
EndProject
Global
	GlobalSection(SolutionConfigurationPlatforms) = preSolution
		Debug|Any CPU = Debug|Any CPU
		Release|Any CPU = Release|Any CPU
	EndGlobalSection
	GlobalSection(ProjectConfigurationPlatforms) = postSolution
		{71A4881F-17EC-488A-8654-61B2CF77CBFD}.Debug|Any CPU.ActiveCfg = Debug|Any CPU
		{71A4881F-17EC-488A-8654-61B2CF77CBFD}.Debug|Any CPU.Build.0 = Debug|Any CPU
		{71A4881F-17EC-488A-8654-61B2CF77CBFD}.Release|Any CPU.ActiveCfg = Release|Any CPU
		{71A4881F-17EC-488A-8654-61B2CF77CBFD}.Release|Any CPU.Build.0 = Release|Any CPU
		{700D64D6-2981-4AB4-8CCC-B0281D6C85CD}.Debug|Any CPU.ActiveCfg = Debug|Any CPU
		{700D64D6-2981-4AB4-8CCC-B0281D6C85CD}.Debug|Any CPU.Build.0 = Debug|Any CPU
		{700D64D6-2981-4AB4-8CCC-B0281D6C85CD}.Release|Any CPU.ActiveCfg = Release|Any CPU
		{700D64D6-2981-4AB4-8CCC-B0281D6C85CD}.Release|Any CPU.Build.0 = Release|Any CPU
		{3467CC7A-34C4-489B-AC11-E23E79FC760E}.Debug|Any CPU.ActiveCfg = Debug|Any CPU
		{3467CC7A-34C4-489B-AC11-E23E79FC760E}.Debug|Any CPU.Build.0 = Debug|Any CPU
		{3467CC7A-34C4-489B-AC11-E23E79FC760E}.Release|Any CPU.ActiveCfg = Release|Any CPU
		{3467CC7A-34C4-489B-AC11-E23E79FC760E}.Release|Any CPU.Build.0 = Release|Any CPU
		{A180C5CE-D98A-43D3-985B-40B0394F5006}.Debug|Any CPU.ActiveCfg = Debug|Any CPU
		{A180C5CE-D98A-43D3-985B-40B0394F5006}.Debug|Any CPU.Build.0 = Debug|Any CPU
		{A180C5CE-D98A-43D3-985B-40B0394F5006}.Release|Any CPU.ActiveCfg = Release|Any CPU
		{A180C5CE-D98A-43D3-985B-40B0394F5006}.Release|Any CPU.Build.0 = Release|Any CPU
		{11635DD9-A1F2-4FE1-BB55-55A95BF2BB8A}.Debug|Any CPU.ActiveCfg = Debug|Any CPU
		{11635DD9-A1F2-4FE1-BB55-55A95BF2BB8A}.Debug|Any CPU.Build.0 = Debug|Any CPU
		{11635DD9-A1F2-4FE1-BB55-55A95BF2BB8A}.Release|Any CPU.ActiveCfg = Release|Any CPU
		{11635DD9-A1F2-4FE1-BB55-55A95BF2BB8A}.Release|Any CPU.Build.0 = Release|Any CPU
		{D60E1E47-0BC5-42AE-91CB-149C5657AD16}.Debug|Any CPU.ActiveCfg = Debug|Any CPU
		{D60E1E47-0BC5-42AE-91CB-149C5657AD16}.Debug|Any CPU.Build.0 = Debug|Any CPU
		{D60E1E47-0BC5-42AE-91CB-149C5657AD16}.Release|Any CPU.ActiveCfg = Release|Any CPU
		{D60E1E47-0BC5-42AE-91CB-149C5657AD16}.Release|Any CPU.Build.0 = Release|Any CPU
		{D4F8C3DF-ED81-45FF-BFC6-1A5E578F262D}.Debug|Any CPU.ActiveCfg = Debug|Any CPU
		{D4F8C3DF-ED81-45FF-BFC6-1A5E578F262D}.Debug|Any CPU.Build.0 = Debug|Any CPU
		{D4F8C3DF-ED81-45FF-BFC6-1A5E578F262D}.Release|Any CPU.ActiveCfg = Release|Any CPU
		{D4F8C3DF-ED81-45FF-BFC6-1A5E578F262D}.Release|Any CPU.Build.0 = Release|Any CPU
		{6AEE72C6-A2CB-4FDA-A0FC-E46159E489F8}.Debug|Any CPU.ActiveCfg = Debug|Any CPU
		{6AEE72C6-A2CB-4FDA-A0FC-E46159E489F8}.Debug|Any CPU.Build.0 = Debug|Any CPU
		{6AEE72C6-A2CB-4FDA-A0FC-E46159E489F8}.Release|Any CPU.ActiveCfg = Release|Any CPU
		{6AEE72C6-A2CB-4FDA-A0FC-E46159E489F8}.Release|Any CPU.Build.0 = Release|Any CPU
		{9ECF50A1-4BAA-4E0A-B73E-61DD5A8D398C}.Debug|Any CPU.ActiveCfg = Debug|Any CPU
		{9ECF50A1-4BAA-4E0A-B73E-61DD5A8D398C}.Debug|Any CPU.Build.0 = Debug|Any CPU
		{9ECF50A1-4BAA-4E0A-B73E-61DD5A8D398C}.Release|Any CPU.ActiveCfg = Release|Any CPU
		{9ECF50A1-4BAA-4E0A-B73E-61DD5A8D398C}.Release|Any CPU.Build.0 = Release|Any CPU
		{CCB95876-867C-450D-BBA3-6F27DC0C66A7}.Debug|Any CPU.ActiveCfg = Debug|Any CPU
		{CCB95876-867C-450D-BBA3-6F27DC0C66A7}.Debug|Any CPU.Build.0 = Debug|Any CPU
		{CCB95876-867C-450D-BBA3-6F27DC0C66A7}.Release|Any CPU.ActiveCfg = Release|Any CPU
		{CCB95876-867C-450D-BBA3-6F27DC0C66A7}.Release|Any CPU.Build.0 = Release|Any CPU
		{ED8BAA96-92C1-4D82-B5C3-3228832B2B55}.Debug|Any CPU.ActiveCfg = Debug|Any CPU
		{ED8BAA96-92C1-4D82-B5C3-3228832B2B55}.Debug|Any CPU.Build.0 = Debug|Any CPU
		{ED8BAA96-92C1-4D82-B5C3-3228832B2B55}.Release|Any CPU.ActiveCfg = Release|Any CPU
		{ED8BAA96-92C1-4D82-B5C3-3228832B2B55}.Release|Any CPU.Build.0 = Release|Any CPU
		{01286FF7-8E5D-4103-BF4D-28160269F840}.Debug|Any CPU.ActiveCfg = Debug|Any CPU
		{01286FF7-8E5D-4103-BF4D-28160269F840}.Debug|Any CPU.Build.0 = Debug|Any CPU
		{01286FF7-8E5D-4103-BF4D-28160269F840}.Release|Any CPU.ActiveCfg = Release|Any CPU
		{01286FF7-8E5D-4103-BF4D-28160269F840}.Release|Any CPU.Build.0 = Release|Any CPU
		{A504B3D5-7584-44C3-A694-4D6DA34D476D}.Debug|Any CPU.ActiveCfg = Debug|Any CPU
		{A504B3D5-7584-44C3-A694-4D6DA34D476D}.Debug|Any CPU.Build.0 = Debug|Any CPU
		{A504B3D5-7584-44C3-A694-4D6DA34D476D}.Release|Any CPU.ActiveCfg = Release|Any CPU
		{A504B3D5-7584-44C3-A694-4D6DA34D476D}.Release|Any CPU.Build.0 = Release|Any CPU
		{773EA1D0-3794-4C8F-BD09-032938749566}.Debug|Any CPU.ActiveCfg = Debug|Any CPU
		{773EA1D0-3794-4C8F-BD09-032938749566}.Debug|Any CPU.Build.0 = Debug|Any CPU
		{773EA1D0-3794-4C8F-BD09-032938749566}.Release|Any CPU.ActiveCfg = Release|Any CPU
		{773EA1D0-3794-4C8F-BD09-032938749566}.Release|Any CPU.Build.0 = Release|Any CPU
		{D18BBC10-4A51-416E-B8EE-9526913E50FB}.Debug|Any CPU.ActiveCfg = Debug|Any CPU
		{D18BBC10-4A51-416E-B8EE-9526913E50FB}.Debug|Any CPU.Build.0 = Debug|Any CPU
		{D18BBC10-4A51-416E-B8EE-9526913E50FB}.Release|Any CPU.ActiveCfg = Release|Any CPU
		{D18BBC10-4A51-416E-B8EE-9526913E50FB}.Release|Any CPU.Build.0 = Release|Any CPU
		{53FC96D0-07EA-46FA-8F74-2B24380A25EE}.Debug|Any CPU.ActiveCfg = Debug|Any CPU
		{53FC96D0-07EA-46FA-8F74-2B24380A25EE}.Debug|Any CPU.Build.0 = Debug|Any CPU
		{53FC96D0-07EA-46FA-8F74-2B24380A25EE}.Release|Any CPU.ActiveCfg = Release|Any CPU
		{53FC96D0-07EA-46FA-8F74-2B24380A25EE}.Release|Any CPU.Build.0 = Release|Any CPU
		{77B7FE3C-628A-47BD-A597-32E6D7FCD4A2}.Debug|Any CPU.ActiveCfg = Debug|Any CPU
		{77B7FE3C-628A-47BD-A597-32E6D7FCD4A2}.Debug|Any CPU.Build.0 = Debug|Any CPU
		{77B7FE3C-628A-47BD-A597-32E6D7FCD4A2}.Release|Any CPU.ActiveCfg = Release|Any CPU
		{77B7FE3C-628A-47BD-A597-32E6D7FCD4A2}.Release|Any CPU.Build.0 = Release|Any CPU
		{A145AAD4-41F6-4909-A794-77512A1C6007}.Debug|Any CPU.ActiveCfg = Debug|Any CPU
		{A145AAD4-41F6-4909-A794-77512A1C6007}.Debug|Any CPU.Build.0 = Debug|Any CPU
		{A145AAD4-41F6-4909-A794-77512A1C6007}.Release|Any CPU.ActiveCfg = Release|Any CPU
		{A145AAD4-41F6-4909-A794-77512A1C6007}.Release|Any CPU.Build.0 = Release|Any CPU
	EndGlobalSection
	GlobalSection(SolutionProperties) = preSolution
		HideSolutionNode = FALSE
	EndGlobalSection
EndGlobal
