
Microsoft Visual Studio Solution File, Format Version 12.00
# Visual Studio 15
VisualStudioVersion = 15.0.26430.13
MinimumVisualStudioVersion = 10.0.40219.1
Project("{FAE04EC0-301F-11D3-BF4B-00C04F79EFBC}") = "1-02. Append Lists", "1-02. Append Lists\1-02. Append Lists.csproj", "{CFB3DB90-4B43-48B9-B94C-23111A086FA5}"
EndProject
Project("{FAE04EC0-301F-11D3-BF4B-00C04F79EFBC}") = "1-04. Split by Word Casing", "1-02. Append Lists-2-ver.1\1-04. Split by Word Casing.csproj", "{AFE027ED-8FA3-4E5B-92FE-93A338FD5FD8}"
EndProject
Project("{FAE04EC0-301F-11D3-BF4B-00C04F79EFBC}") = "1-03. Sum Adjacent Equal Numbers", "1-03. Sum Adjacent Equal Numbers\1-03. Sum Adjacent Equal Numbers.csproj", "{395EA8D1-F206-4076-AFA6-B9AE0EF78CE5}"
EndProject
Project("{FAE04EC0-301F-11D3-BF4B-00C04F79EFBC}") = "1-05. Sort Numbers", "1-02. Append Lists-2-ver.2\1-05. Sort Numbers.csproj", "{43924119-4DDC-4BBD-919D-85A139067A22}"
EndProject
Project("{FAE04EC0-301F-11D3-BF4B-00C04F79EFBC}") = "1-01. Remove Negatives and Reverse", "1-01.Ver.1\1-01. Remove Negatives and Reverse.csproj", "{D1945D6D-4420-469F-9B8A-39F27603B626}"
EndProject
Project("{FAE04EC0-301F-11D3-BF4B-00C04F79EFBC}") = "1-06. Square Numbers", "1-06. Square Numbers\1-06. Square Numbers.csproj", "{7C56E5D4-1E9A-4DC5-B867-ADCCEAE0E213}"
EndProject
Project("{FAE04EC0-301F-11D3-BF4B-00C04F79EFBC}") = "1-07. Count Numbers", "1-07. Count Numbers\1-07. Count Numbers.csproj", "{129F36EF-C3BA-4CE2-9BF8-F8E4C212C4CC}"
EndProject
Project("{FAE04EC0-301F-11D3-BF4B-00C04F79EFBC}") = "1-07. Count Numbers-Ver.2", "1-07. Count Numbers-Ver.2\1-07. Count Numbers-Ver.2.csproj", "{E4C4A7BC-89E0-47E6-B9CF-B75A94EB4D7B}"
EndProject
Project("{FAE04EC0-301F-11D3-BF4B-00C04F79EFBC}") = "2-01. Remove Elements at Odd Positions", "2-01. Remove Elements at Odd Positions\2-01. Remove Elements at Odd Positions.csproj", "{C8699F7F-3932-41F7-B0AE-EA4B3900824C}"
EndProject
Project("{FAE04EC0-301F-11D3-BF4B-00C04F79EFBC}") = "2-02. Track Downloade", "2-02. Track Downloade\2-02. Track Downloade.csproj", "{2B3C9081-599A-4457-992A-D06A6892B14C}"
EndProject
Project("{FAE04EC0-301F-11D3-BF4B-00C04F79EFBC}") = "2-03. Equal Sum After Extraction", "2-03. Equal Sum After Extraction\2-03. Equal Sum After Extraction.csproj", "{EDB78769-76B1-4E05-AC27-889F832CB14D}"
EndProject
Project("{FAE04EC0-301F-11D3-BF4B-00C04F79EFBC}") = "2-04. Flip List Sides", "2-04. Flip List Sides\2-04. Flip List Sides.csproj", "{462AB9A4-26CB-412C-A661-4F78278ECC8C}"
EndProject
Project("{FAE04EC0-301F-11D3-BF4B-00C04F79EFBC}") = "2-04. Flip List Sides-Ver.2", "2-04. Flip List Sides-Ver.2\2-04. Flip List Sides-Ver.2.csproj", "{623955AF-1AA3-4D26-AC57-78B68221FF48}"
EndProject
Project("{FAE04EC0-301F-11D3-BF4B-00C04F79EFBC}") = "2-05. Tear List in Half", "2-05. Tear List in Half\2-05. Tear List in Half.csproj", "{47E5F9C7-E333-4BEC-92BC-50D2237BEC5E}"
EndProject
Project("{FAE04EC0-301F-11D3-BF4B-00C04F79EFBC}") = "3-01. Distinct List", "3-01. Distinct List\3-01. Distinct List.csproj", "{52E1A5EE-84DD-4959-87E1-50AF47A7E807}"
EndProject
Project("{FAE04EC0-301F-11D3-BF4B-00C04F79EFBC}") = "3-02. Integer Insertion", "3.02. Integer Insertion\3-02. Integer Insertion.csproj", "{3BE9D4CD-4283-410E-AD3F-4DF9D8DB801E}"
EndProject
Project("{FAE04EC0-301F-11D3-BF4B-00C04F79EFBC}") = "3-03. Camel’s Back", "3-03. Camel’s Back\3-03. Camel’s Back.csproj", "{829B323F-2858-4FF5-B53A-0C903D17E91F}"
EndProject
Project("{FAE04EC0-301F-11D3-BF4B-00C04F79EFBC}") = "3-04. Ununion Lists", "3-04. Ununion Lists\3-04. Ununion Lists.csproj", "{8DEAEE3C-CA92-4B78-9163-96871E472648}"
EndProject
Project("{FAE04EC0-301F-11D3-BF4B-00C04F79EFBC}") = "3-05. Note Statistics", "3-05. Note Statistics\3-05. Note Statistics.csproj", "{17E8F520-3C28-42B3-8A01-9A47B13700D6}"
EndProject
Global
	GlobalSection(SolutionConfigurationPlatforms) = preSolution
		Debug|Any CPU = Debug|Any CPU
		Release|Any CPU = Release|Any CPU
	EndGlobalSection
	GlobalSection(ProjectConfigurationPlatforms) = postSolution
		{CFB3DB90-4B43-48B9-B94C-23111A086FA5}.Debug|Any CPU.ActiveCfg = Debug|Any CPU
		{CFB3DB90-4B43-48B9-B94C-23111A086FA5}.Debug|Any CPU.Build.0 = Debug|Any CPU
		{CFB3DB90-4B43-48B9-B94C-23111A086FA5}.Release|Any CPU.ActiveCfg = Release|Any CPU
		{CFB3DB90-4B43-48B9-B94C-23111A086FA5}.Release|Any CPU.Build.0 = Release|Any CPU
		{AFE027ED-8FA3-4E5B-92FE-93A338FD5FD8}.Debug|Any CPU.ActiveCfg = Debug|Any CPU
		{AFE027ED-8FA3-4E5B-92FE-93A338FD5FD8}.Debug|Any CPU.Build.0 = Debug|Any CPU
		{AFE027ED-8FA3-4E5B-92FE-93A338FD5FD8}.Release|Any CPU.ActiveCfg = Release|Any CPU
		{AFE027ED-8FA3-4E5B-92FE-93A338FD5FD8}.Release|Any CPU.Build.0 = Release|Any CPU
		{395EA8D1-F206-4076-AFA6-B9AE0EF78CE5}.Debug|Any CPU.ActiveCfg = Debug|Any CPU
		{395EA8D1-F206-4076-AFA6-B9AE0EF78CE5}.Debug|Any CPU.Build.0 = Debug|Any CPU
		{395EA8D1-F206-4076-AFA6-B9AE0EF78CE5}.Release|Any CPU.ActiveCfg = Release|Any CPU
		{395EA8D1-F206-4076-AFA6-B9AE0EF78CE5}.Release|Any CPU.Build.0 = Release|Any CPU
		{43924119-4DDC-4BBD-919D-85A139067A22}.Debug|Any CPU.ActiveCfg = Debug|Any CPU
		{43924119-4DDC-4BBD-919D-85A139067A22}.Debug|Any CPU.Build.0 = Debug|Any CPU
		{43924119-4DDC-4BBD-919D-85A139067A22}.Release|Any CPU.ActiveCfg = Release|Any CPU
		{43924119-4DDC-4BBD-919D-85A139067A22}.Release|Any CPU.Build.0 = Release|Any CPU
		{D1945D6D-4420-469F-9B8A-39F27603B626}.Debug|Any CPU.ActiveCfg = Debug|Any CPU
		{D1945D6D-4420-469F-9B8A-39F27603B626}.Debug|Any CPU.Build.0 = Debug|Any CPU
		{D1945D6D-4420-469F-9B8A-39F27603B626}.Release|Any CPU.ActiveCfg = Release|Any CPU
		{D1945D6D-4420-469F-9B8A-39F27603B626}.Release|Any CPU.Build.0 = Release|Any CPU
		{7C56E5D4-1E9A-4DC5-B867-ADCCEAE0E213}.Debug|Any CPU.ActiveCfg = Debug|Any CPU
		{7C56E5D4-1E9A-4DC5-B867-ADCCEAE0E213}.Debug|Any CPU.Build.0 = Debug|Any CPU
		{7C56E5D4-1E9A-4DC5-B867-ADCCEAE0E213}.Release|Any CPU.ActiveCfg = Release|Any CPU
		{7C56E5D4-1E9A-4DC5-B867-ADCCEAE0E213}.Release|Any CPU.Build.0 = Release|Any CPU
		{129F36EF-C3BA-4CE2-9BF8-F8E4C212C4CC}.Debug|Any CPU.ActiveCfg = Debug|Any CPU
		{129F36EF-C3BA-4CE2-9BF8-F8E4C212C4CC}.Debug|Any CPU.Build.0 = Debug|Any CPU
		{129F36EF-C3BA-4CE2-9BF8-F8E4C212C4CC}.Release|Any CPU.ActiveCfg = Release|Any CPU
		{129F36EF-C3BA-4CE2-9BF8-F8E4C212C4CC}.Release|Any CPU.Build.0 = Release|Any CPU
		{E4C4A7BC-89E0-47E6-B9CF-B75A94EB4D7B}.Debug|Any CPU.ActiveCfg = Debug|Any CPU
		{E4C4A7BC-89E0-47E6-B9CF-B75A94EB4D7B}.Debug|Any CPU.Build.0 = Debug|Any CPU
		{E4C4A7BC-89E0-47E6-B9CF-B75A94EB4D7B}.Release|Any CPU.ActiveCfg = Release|Any CPU
		{E4C4A7BC-89E0-47E6-B9CF-B75A94EB4D7B}.Release|Any CPU.Build.0 = Release|Any CPU
		{C8699F7F-3932-41F7-B0AE-EA4B3900824C}.Debug|Any CPU.ActiveCfg = Debug|Any CPU
		{C8699F7F-3932-41F7-B0AE-EA4B3900824C}.Debug|Any CPU.Build.0 = Debug|Any CPU
		{C8699F7F-3932-41F7-B0AE-EA4B3900824C}.Release|Any CPU.ActiveCfg = Release|Any CPU
		{C8699F7F-3932-41F7-B0AE-EA4B3900824C}.Release|Any CPU.Build.0 = Release|Any CPU
		{2B3C9081-599A-4457-992A-D06A6892B14C}.Debug|Any CPU.ActiveCfg = Debug|Any CPU
		{2B3C9081-599A-4457-992A-D06A6892B14C}.Debug|Any CPU.Build.0 = Debug|Any CPU
		{2B3C9081-599A-4457-992A-D06A6892B14C}.Release|Any CPU.ActiveCfg = Release|Any CPU
		{2B3C9081-599A-4457-992A-D06A6892B14C}.Release|Any CPU.Build.0 = Release|Any CPU
		{EDB78769-76B1-4E05-AC27-889F832CB14D}.Debug|Any CPU.ActiveCfg = Debug|Any CPU
		{EDB78769-76B1-4E05-AC27-889F832CB14D}.Debug|Any CPU.Build.0 = Debug|Any CPU
		{EDB78769-76B1-4E05-AC27-889F832CB14D}.Release|Any CPU.ActiveCfg = Release|Any CPU
		{EDB78769-76B1-4E05-AC27-889F832CB14D}.Release|Any CPU.Build.0 = Release|Any CPU
		{462AB9A4-26CB-412C-A661-4F78278ECC8C}.Debug|Any CPU.ActiveCfg = Debug|Any CPU
		{462AB9A4-26CB-412C-A661-4F78278ECC8C}.Debug|Any CPU.Build.0 = Debug|Any CPU
		{462AB9A4-26CB-412C-A661-4F78278ECC8C}.Release|Any CPU.ActiveCfg = Release|Any CPU
		{462AB9A4-26CB-412C-A661-4F78278ECC8C}.Release|Any CPU.Build.0 = Release|Any CPU
		{623955AF-1AA3-4D26-AC57-78B68221FF48}.Debug|Any CPU.ActiveCfg = Debug|Any CPU
		{623955AF-1AA3-4D26-AC57-78B68221FF48}.Debug|Any CPU.Build.0 = Debug|Any CPU
		{623955AF-1AA3-4D26-AC57-78B68221FF48}.Release|Any CPU.ActiveCfg = Release|Any CPU
		{623955AF-1AA3-4D26-AC57-78B68221FF48}.Release|Any CPU.Build.0 = Release|Any CPU
		{47E5F9C7-E333-4BEC-92BC-50D2237BEC5E}.Debug|Any CPU.ActiveCfg = Debug|Any CPU
		{47E5F9C7-E333-4BEC-92BC-50D2237BEC5E}.Debug|Any CPU.Build.0 = Debug|Any CPU
		{47E5F9C7-E333-4BEC-92BC-50D2237BEC5E}.Release|Any CPU.ActiveCfg = Release|Any CPU
		{47E5F9C7-E333-4BEC-92BC-50D2237BEC5E}.Release|Any CPU.Build.0 = Release|Any CPU
		{52E1A5EE-84DD-4959-87E1-50AF47A7E807}.Debug|Any CPU.ActiveCfg = Debug|Any CPU
		{52E1A5EE-84DD-4959-87E1-50AF47A7E807}.Debug|Any CPU.Build.0 = Debug|Any CPU
		{52E1A5EE-84DD-4959-87E1-50AF47A7E807}.Release|Any CPU.ActiveCfg = Release|Any CPU
		{52E1A5EE-84DD-4959-87E1-50AF47A7E807}.Release|Any CPU.Build.0 = Release|Any CPU
		{3BE9D4CD-4283-410E-AD3F-4DF9D8DB801E}.Debug|Any CPU.ActiveCfg = Debug|Any CPU
		{3BE9D4CD-4283-410E-AD3F-4DF9D8DB801E}.Debug|Any CPU.Build.0 = Debug|Any CPU
		{3BE9D4CD-4283-410E-AD3F-4DF9D8DB801E}.Release|Any CPU.ActiveCfg = Release|Any CPU
		{3BE9D4CD-4283-410E-AD3F-4DF9D8DB801E}.Release|Any CPU.Build.0 = Release|Any CPU
		{829B323F-2858-4FF5-B53A-0C903D17E91F}.Debug|Any CPU.ActiveCfg = Debug|Any CPU
		{829B323F-2858-4FF5-B53A-0C903D17E91F}.Debug|Any CPU.Build.0 = Debug|Any CPU
		{829B323F-2858-4FF5-B53A-0C903D17E91F}.Release|Any CPU.ActiveCfg = Release|Any CPU
		{829B323F-2858-4FF5-B53A-0C903D17E91F}.Release|Any CPU.Build.0 = Release|Any CPU
		{8DEAEE3C-CA92-4B78-9163-96871E472648}.Debug|Any CPU.ActiveCfg = Debug|Any CPU
		{8DEAEE3C-CA92-4B78-9163-96871E472648}.Debug|Any CPU.Build.0 = Debug|Any CPU
		{8DEAEE3C-CA92-4B78-9163-96871E472648}.Release|Any CPU.ActiveCfg = Release|Any CPU
		{8DEAEE3C-CA92-4B78-9163-96871E472648}.Release|Any CPU.Build.0 = Release|Any CPU
		{17E8F520-3C28-42B3-8A01-9A47B13700D6}.Debug|Any CPU.ActiveCfg = Debug|Any CPU
		{17E8F520-3C28-42B3-8A01-9A47B13700D6}.Debug|Any CPU.Build.0 = Debug|Any CPU
		{17E8F520-3C28-42B3-8A01-9A47B13700D6}.Release|Any CPU.ActiveCfg = Release|Any CPU
		{17E8F520-3C28-42B3-8A01-9A47B13700D6}.Release|Any CPU.Build.0 = Release|Any CPU
	EndGlobalSection
	GlobalSection(SolutionProperties) = preSolution
		HideSolutionNode = FALSE
	EndGlobalSection
EndGlobal
