
Microsoft Visual Studio Solution File, Format Version 12.00
# Visual Studio 15
VisualStudioVersion = 15.0.26430.15
MinimumVisualStudioVersion = 10.0.40219.1
Project("{FAE04EC0-301F-11D3-BF4B-00C04F79EFBC}") = "1-1. Reverse string", "1-1. Reverse string\1-1. Reverse string.csproj", "{D90C6EAD-C61D-4179-A1B4-710F737AC4A7}"
EndProject
Project("{FAE04EC0-301F-11D3-BF4B-00C04F79EFBC}") = "1-2. Count Substring IndexOf", "Count Substring Occurren\1-2. Count Substring IndexOf.csproj", "{8AF54058-3002-453A-B41B-52CA4E60BE87}"
EndProject
Project("{FAE04EC0-301F-11D3-BF4B-00C04F79EFBC}") = "1-3. Text filter", "1-3. Text filter\1-3. Text filter.csproj", "{153BCB80-E634-4772-97DA-9ECC6097A510}"
EndProject
Project("{FAE04EC0-301F-11D3-BF4B-00C04F79EFBC}") = "1-4. Palindromes", "1-4. Palindromes\1-4. Palindromes.csproj", "{923F696C-C5C1-48F4-A3A4-6DF339AFDAA6}"
EndProject
Project("{FAE04EC0-301F-11D3-BF4B-00C04F79EFBC}") = "1-4. Palindromes-Reverse", "1-4. Palindromes-2\1-4. Palindromes-Reverse.csproj", "{36FD2319-5594-476F-89F6-31DC611FC85A}"
EndProject
Project("{FAE04EC0-301F-11D3-BF4B-00C04F79EFBC}") = "2-1. Find the Letter", "2-1. Find the Letter\2-1. Find the Letter.csproj", "{D03DFC97-CF7A-4802-B54B-B2DBF73548DA}"
EndProject
Project("{FAE04EC0-301F-11D3-BF4B-00C04F79EFBC}") = "2-2. Placeholders", "2-2. Placeholders\2-2. Placeholders.csproj", "{5865EA81-644A-48A3-8B54-C7B9A23CFC1C}"
EndProject
Project("{FAE04EC0-301F-11D3-BF4B-00C04F79EFBC}") = "2-6. Sentence Split", "2-6. Sentence Split\2-6. Sentence Split.csproj", "{BD0F785C-DE24-4CBF-8AE9-D1F18722433E}"
EndProject
Project("{FAE04EC0-301F-11D3-BF4B-00C04F79EFBC}") = "2-5. Points Counter", "2-5. Points Counter\2-5. Points Counter.csproj", "{5F804AAB-D664-4DE6-9DDA-9F1DEEF551C4}"
EndProject
Project("{FAE04EC0-301F-11D3-BF4B-00C04F79EFBC}") = "2-3. JSON Stringify", "2-3. JSON Stringify\2-3. JSON Stringify.csproj", "{3D84AAFB-520A-4C2C-9DF6-263112FF5E32}"
EndProject
Global
	GlobalSection(SolutionConfigurationPlatforms) = preSolution
		Debug|Any CPU = Debug|Any CPU
		Release|Any CPU = Release|Any CPU
	EndGlobalSection
	GlobalSection(ProjectConfigurationPlatforms) = postSolution
		{D90C6EAD-C61D-4179-A1B4-710F737AC4A7}.Debug|Any CPU.ActiveCfg = Debug|Any CPU
		{D90C6EAD-C61D-4179-A1B4-710F737AC4A7}.Debug|Any CPU.Build.0 = Debug|Any CPU
		{D90C6EAD-C61D-4179-A1B4-710F737AC4A7}.Release|Any CPU.ActiveCfg = Release|Any CPU
		{D90C6EAD-C61D-4179-A1B4-710F737AC4A7}.Release|Any CPU.Build.0 = Release|Any CPU
		{8AF54058-3002-453A-B41B-52CA4E60BE87}.Debug|Any CPU.ActiveCfg = Debug|Any CPU
		{8AF54058-3002-453A-B41B-52CA4E60BE87}.Debug|Any CPU.Build.0 = Debug|Any CPU
		{8AF54058-3002-453A-B41B-52CA4E60BE87}.Release|Any CPU.ActiveCfg = Release|Any CPU
		{8AF54058-3002-453A-B41B-52CA4E60BE87}.Release|Any CPU.Build.0 = Release|Any CPU
		{153BCB80-E634-4772-97DA-9ECC6097A510}.Debug|Any CPU.ActiveCfg = Debug|Any CPU
		{153BCB80-E634-4772-97DA-9ECC6097A510}.Debug|Any CPU.Build.0 = Debug|Any CPU
		{153BCB80-E634-4772-97DA-9ECC6097A510}.Release|Any CPU.ActiveCfg = Release|Any CPU
		{153BCB80-E634-4772-97DA-9ECC6097A510}.Release|Any CPU.Build.0 = Release|Any CPU
		{923F696C-C5C1-48F4-A3A4-6DF339AFDAA6}.Debug|Any CPU.ActiveCfg = Debug|Any CPU
		{923F696C-C5C1-48F4-A3A4-6DF339AFDAA6}.Debug|Any CPU.Build.0 = Debug|Any CPU
		{923F696C-C5C1-48F4-A3A4-6DF339AFDAA6}.Release|Any CPU.ActiveCfg = Release|Any CPU
		{923F696C-C5C1-48F4-A3A4-6DF339AFDAA6}.Release|Any CPU.Build.0 = Release|Any CPU
		{36FD2319-5594-476F-89F6-31DC611FC85A}.Debug|Any CPU.ActiveCfg = Debug|Any CPU
		{36FD2319-5594-476F-89F6-31DC611FC85A}.Debug|Any CPU.Build.0 = Debug|Any CPU
		{36FD2319-5594-476F-89F6-31DC611FC85A}.Release|Any CPU.ActiveCfg = Release|Any CPU
		{36FD2319-5594-476F-89F6-31DC611FC85A}.Release|Any CPU.Build.0 = Release|Any CPU
		{D03DFC97-CF7A-4802-B54B-B2DBF73548DA}.Debug|Any CPU.ActiveCfg = Debug|Any CPU
		{D03DFC97-CF7A-4802-B54B-B2DBF73548DA}.Debug|Any CPU.Build.0 = Debug|Any CPU
		{D03DFC97-CF7A-4802-B54B-B2DBF73548DA}.Release|Any CPU.ActiveCfg = Release|Any CPU
		{D03DFC97-CF7A-4802-B54B-B2DBF73548DA}.Release|Any CPU.Build.0 = Release|Any CPU
		{5865EA81-644A-48A3-8B54-C7B9A23CFC1C}.Debug|Any CPU.ActiveCfg = Debug|Any CPU
		{5865EA81-644A-48A3-8B54-C7B9A23CFC1C}.Debug|Any CPU.Build.0 = Debug|Any CPU
		{5865EA81-644A-48A3-8B54-C7B9A23CFC1C}.Release|Any CPU.ActiveCfg = Release|Any CPU
		{5865EA81-644A-48A3-8B54-C7B9A23CFC1C}.Release|Any CPU.Build.0 = Release|Any CPU
		{BD0F785C-DE24-4CBF-8AE9-D1F18722433E}.Debug|Any CPU.ActiveCfg = Debug|Any CPU
		{BD0F785C-DE24-4CBF-8AE9-D1F18722433E}.Debug|Any CPU.Build.0 = Debug|Any CPU
		{BD0F785C-DE24-4CBF-8AE9-D1F18722433E}.Release|Any CPU.ActiveCfg = Release|Any CPU
		{BD0F785C-DE24-4CBF-8AE9-D1F18722433E}.Release|Any CPU.Build.0 = Release|Any CPU
		{5F804AAB-D664-4DE6-9DDA-9F1DEEF551C4}.Debug|Any CPU.ActiveCfg = Debug|Any CPU
		{5F804AAB-D664-4DE6-9DDA-9F1DEEF551C4}.Debug|Any CPU.Build.0 = Debug|Any CPU
		{5F804AAB-D664-4DE6-9DDA-9F1DEEF551C4}.Release|Any CPU.ActiveCfg = Release|Any CPU
		{5F804AAB-D664-4DE6-9DDA-9F1DEEF551C4}.Release|Any CPU.Build.0 = Release|Any CPU
		{3D84AAFB-520A-4C2C-9DF6-263112FF5E32}.Debug|Any CPU.ActiveCfg = Debug|Any CPU
		{3D84AAFB-520A-4C2C-9DF6-263112FF5E32}.Debug|Any CPU.Build.0 = Debug|Any CPU
		{3D84AAFB-520A-4C2C-9DF6-263112FF5E32}.Release|Any CPU.ActiveCfg = Release|Any CPU
		{3D84AAFB-520A-4C2C-9DF6-263112FF5E32}.Release|Any CPU.Build.0 = Release|Any CPU
	EndGlobalSection
	GlobalSection(SolutionProperties) = preSolution
		HideSolutionNode = FALSE
	EndGlobalSection
EndGlobal
