
Microsoft Visual Studio Solution File, Format Version 12.00
# Visual Studio 15
VisualStudioVersion = 15.0.26430.15
MinimumVisualStudioVersion = 10.0.40219.1
Project("{FAE04EC0-301F-11D3-BF4B-00C04F79EFBC}") = "1-1. Reverse string", "1-1. Reverse string\1-1. Reverse string.csproj", "{D90C6EAD-C61D-4179-A1B4-710F737AC4A7}"
EndProject
Project("{FAE04EC0-301F-11D3-BF4B-00C04F79EFBC}") = "1-2. Count Substring IndexOf", "Count Substring Occurren\1-2. Count Substring IndexOf.csproj", "{8AF54058-3002-453A-B41B-52CA4E60BE87}"
EndProject
Project("{FAE04EC0-301F-11D3-BF4B-00C04F79EFBC}") = "1-3. Text filter", "1-3. Text filter\1-3. Text filter.csproj", "{153BCB80-E634-4772-97DA-9ECC6097A510}"
EndProject
Project("{FAE04EC0-301F-11D3-BF4B-00C04F79EFBC}") = "1-4. Palindromes", "1-4. Palindromes\1-4. Palindromes.csproj", "{923F696C-C5C1-48F4-A3A4-6DF339AFDAA6}"
EndProject
Project("{FAE04EC0-301F-11D3-BF4B-00C04F79EFBC}") = "1-4. Palindromes-Reverse", "1-4. Palindromes-2\1-4. Palindromes-Reverse.csproj", "{36FD2319-5594-476F-89F6-31DC611FC85A}"
EndProject
Project("{FAE04EC0-301F-11D3-BF4B-00C04F79EFBC}") = "2-1. Find the Letter", "2-1. Find the Letter\2-1. Find the Letter.csproj", "{D03DFC97-CF7A-4802-B54B-B2DBF73548DA}"
EndProject
Project("{FAE04EC0-301F-11D3-BF4B-00C04F79EFBC}") = "2-2. Placeholders", "2-2. Placeholders\2-2. Placeholders.csproj", "{5865EA81-644A-48A3-8B54-C7B9A23CFC1C}"
EndProject
Project("{FAE04EC0-301F-11D3-BF4B-00C04F79EFBC}") = "2-6. Sentence Split", "2-6. Sentence Split\2-6. Sentence Split.csproj", "{BD0F785C-DE24-4CBF-8AE9-D1F18722433E}"
EndProject
Project("{FAE04EC0-301F-11D3-BF4B-00C04F79EFBC}") = "2-5. Points Counter", "2-5. Points Counter\2-5. Points Counter.csproj", "{5F804AAB-D664-4DE6-9DDA-9F1DEEF551C4}"
EndProject
Project("{FAE04EC0-301F-11D3-BF4B-00C04F79EFBC}") = "2-3. JSON Stringify", "2-3. JSON Stringify\2-3. JSON Stringify.csproj", "{3D84AAFB-520A-4C2C-9DF6-263112FF5E32}"
EndProject
Project("{FAE04EC0-301F-11D3-BF4B-00C04F79EFBC}") = "2-4. JSON Parse", "2-4. JSON Parse\2-4. JSON Parse.csproj", "{6C6EF2E0-A22C-4AE8-8C9A-D3429570C2B4}"
EndProject
Project("{FAE04EC0-301F-11D3-BF4B-00C04F79EFBC}") = "2-7. Capitalize Words", "2-7. Capitalize Words\2-7. Capitalize Words.csproj", "{672C5200-DAF0-4C94-92D0-715F3B1897BC}"
EndProject
Project("{FAE04EC0-301F-11D3-BF4B-00C04F79EFBC}") = "3-1. Value of a String", "3-1. Value of a String\3-1. Value of a String.csproj", "{9EC1C279-3888-44A4-897F-63570450F755}"
EndProject
Project("{FAE04EC0-301F-11D3-BF4B-00C04F79EFBC}") = "3-2. Diamond Problem", "3-2. Diamond Problem\3-2. Diamond Problem.csproj", "{59C48B02-A608-437B-9A85-A6320A022AEB}"
EndProject
Project("{FAE04EC0-301F-11D3-BF4B-00C04F79EFBC}") = "3-4. Deserialize String", "3-4. Deserialize String\3-4. Deserialize String.csproj", "{0B4C37F2-B542-4DD7-A374-5E336C484C0B}"
EndProject
Project("{FAE04EC0-301F-11D3-BF4B-00C04F79EFBC}") = "3-5. String Commander", "3-5. String Commander\3-5. String Commander.csproj", "{EE875D94-B767-43DD-AD52-8F0D06284405}"
EndProject
Project("{FAE04EC0-301F-11D3-BF4B-00C04F79EFBC}") = "3-7. Pyramidic", "3-7. Pyramidic\3-7. Pyramidic.csproj", "{A3901ED0-0103-4885-996C-C618DFE196C3}"
EndProject
Project("{FAE04EC0-301F-11D3-BF4B-00C04F79EFBC}") = "3-3. Serialize String", "3-3. Serialize String\3-3. Serialize String.csproj", "{5820483A-FB22-4B12-A8E6-E7464849F3F0}"
EndProject
Project("{FAE04EC0-301F-11D3-BF4B-00C04F79EFBC}") = "3-6. Stateless", "3-6. Stateless\3-6. Stateless.csproj", "{EE376505-2A17-41DD-9182-FCCAC6E60D34}"
EndProject
Project("{FAE04EC0-301F-11D3-BF4B-00C04F79EFBC}") = "3-8. Nilapdromes", "3-8. Nilapdromes\3-8. Nilapdromes.csproj", "{A99650D0-D266-4E8A-913B-87E5C0B0DF69}"
EndProject
Global
	GlobalSection(SolutionConfigurationPlatforms) = preSolution
		Debug|Any CPU = Debug|Any CPU
		Release|Any CPU = Release|Any CPU
	EndGlobalSection
	GlobalSection(ProjectConfigurationPlatforms) = postSolution
		{D90C6EAD-C61D-4179-A1B4-710F737AC4A7}.Debug|Any CPU.ActiveCfg = Debug|Any CPU
		{D90C6EAD-C61D-4179-A1B4-710F737AC4A7}.Debug|Any CPU.Build.0 = Debug|Any CPU
		{D90C6EAD-C61D-4179-A1B4-710F737AC4A7}.Release|Any CPU.ActiveCfg = Release|Any CPU
		{D90C6EAD-C61D-4179-A1B4-710F737AC4A7}.Release|Any CPU.Build.0 = Release|Any CPU
		{8AF54058-3002-453A-B41B-52CA4E60BE87}.Debug|Any CPU.ActiveCfg = Debug|Any CPU
		{8AF54058-3002-453A-B41B-52CA4E60BE87}.Debug|Any CPU.Build.0 = Debug|Any CPU
		{8AF54058-3002-453A-B41B-52CA4E60BE87}.Release|Any CPU.ActiveCfg = Release|Any CPU
		{8AF54058-3002-453A-B41B-52CA4E60BE87}.Release|Any CPU.Build.0 = Release|Any CPU
		{153BCB80-E634-4772-97DA-9ECC6097A510}.Debug|Any CPU.ActiveCfg = Debug|Any CPU
		{153BCB80-E634-4772-97DA-9ECC6097A510}.Debug|Any CPU.Build.0 = Debug|Any CPU
		{153BCB80-E634-4772-97DA-9ECC6097A510}.Release|Any CPU.ActiveCfg = Release|Any CPU
		{153BCB80-E634-4772-97DA-9ECC6097A510}.Release|Any CPU.Build.0 = Release|Any CPU
		{923F696C-C5C1-48F4-A3A4-6DF339AFDAA6}.Debug|Any CPU.ActiveCfg = Debug|Any CPU
		{923F696C-C5C1-48F4-A3A4-6DF339AFDAA6}.Debug|Any CPU.Build.0 = Debug|Any CPU
		{923F696C-C5C1-48F4-A3A4-6DF339AFDAA6}.Release|Any CPU.ActiveCfg = Release|Any CPU
		{923F696C-C5C1-48F4-A3A4-6DF339AFDAA6}.Release|Any CPU.Build.0 = Release|Any CPU
		{36FD2319-5594-476F-89F6-31DC611FC85A}.Debug|Any CPU.ActiveCfg = Debug|Any CPU
		{36FD2319-5594-476F-89F6-31DC611FC85A}.Debug|Any CPU.Build.0 = Debug|Any CPU
		{36FD2319-5594-476F-89F6-31DC611FC85A}.Release|Any CPU.ActiveCfg = Release|Any CPU
		{36FD2319-5594-476F-89F6-31DC611FC85A}.Release|Any CPU.Build.0 = Release|Any CPU
		{D03DFC97-CF7A-4802-B54B-B2DBF73548DA}.Debug|Any CPU.ActiveCfg = Debug|Any CPU
		{D03DFC97-CF7A-4802-B54B-B2DBF73548DA}.Debug|Any CPU.Build.0 = Debug|Any CPU
		{D03DFC97-CF7A-4802-B54B-B2DBF73548DA}.Release|Any CPU.ActiveCfg = Release|Any CPU
		{D03DFC97-CF7A-4802-B54B-B2DBF73548DA}.Release|Any CPU.Build.0 = Release|Any CPU
		{5865EA81-644A-48A3-8B54-C7B9A23CFC1C}.Debug|Any CPU.ActiveCfg = Debug|Any CPU
		{5865EA81-644A-48A3-8B54-C7B9A23CFC1C}.Debug|Any CPU.Build.0 = Debug|Any CPU
		{5865EA81-644A-48A3-8B54-C7B9A23CFC1C}.Release|Any CPU.ActiveCfg = Release|Any CPU
		{5865EA81-644A-48A3-8B54-C7B9A23CFC1C}.Release|Any CPU.Build.0 = Release|Any CPU
		{BD0F785C-DE24-4CBF-8AE9-D1F18722433E}.Debug|Any CPU.ActiveCfg = Debug|Any CPU
		{BD0F785C-DE24-4CBF-8AE9-D1F18722433E}.Debug|Any CPU.Build.0 = Debug|Any CPU
		{BD0F785C-DE24-4CBF-8AE9-D1F18722433E}.Release|Any CPU.ActiveCfg = Release|Any CPU
		{BD0F785C-DE24-4CBF-8AE9-D1F18722433E}.Release|Any CPU.Build.0 = Release|Any CPU
		{5F804AAB-D664-4DE6-9DDA-9F1DEEF551C4}.Debug|Any CPU.ActiveCfg = Debug|Any CPU
		{5F804AAB-D664-4DE6-9DDA-9F1DEEF551C4}.Debug|Any CPU.Build.0 = Debug|Any CPU
		{5F804AAB-D664-4DE6-9DDA-9F1DEEF551C4}.Release|Any CPU.ActiveCfg = Release|Any CPU
		{5F804AAB-D664-4DE6-9DDA-9F1DEEF551C4}.Release|Any CPU.Build.0 = Release|Any CPU
		{3D84AAFB-520A-4C2C-9DF6-263112FF5E32}.Debug|Any CPU.ActiveCfg = Debug|Any CPU
		{3D84AAFB-520A-4C2C-9DF6-263112FF5E32}.Debug|Any CPU.Build.0 = Debug|Any CPU
		{3D84AAFB-520A-4C2C-9DF6-263112FF5E32}.Release|Any CPU.ActiveCfg = Release|Any CPU
		{3D84AAFB-520A-4C2C-9DF6-263112FF5E32}.Release|Any CPU.Build.0 = Release|Any CPU
		{6C6EF2E0-A22C-4AE8-8C9A-D3429570C2B4}.Debug|Any CPU.ActiveCfg = Debug|Any CPU
		{6C6EF2E0-A22C-4AE8-8C9A-D3429570C2B4}.Debug|Any CPU.Build.0 = Debug|Any CPU
		{6C6EF2E0-A22C-4AE8-8C9A-D3429570C2B4}.Release|Any CPU.ActiveCfg = Release|Any CPU
		{6C6EF2E0-A22C-4AE8-8C9A-D3429570C2B4}.Release|Any CPU.Build.0 = Release|Any CPU
		{672C5200-DAF0-4C94-92D0-715F3B1897BC}.Debug|Any CPU.ActiveCfg = Debug|Any CPU
		{672C5200-DAF0-4C94-92D0-715F3B1897BC}.Debug|Any CPU.Build.0 = Debug|Any CPU
		{672C5200-DAF0-4C94-92D0-715F3B1897BC}.Release|Any CPU.ActiveCfg = Release|Any CPU
		{672C5200-DAF0-4C94-92D0-715F3B1897BC}.Release|Any CPU.Build.0 = Release|Any CPU
		{9EC1C279-3888-44A4-897F-63570450F755}.Debug|Any CPU.ActiveCfg = Debug|Any CPU
		{9EC1C279-3888-44A4-897F-63570450F755}.Debug|Any CPU.Build.0 = Debug|Any CPU
		{9EC1C279-3888-44A4-897F-63570450F755}.Release|Any CPU.ActiveCfg = Release|Any CPU
		{9EC1C279-3888-44A4-897F-63570450F755}.Release|Any CPU.Build.0 = Release|Any CPU
		{59C48B02-A608-437B-9A85-A6320A022AEB}.Debug|Any CPU.ActiveCfg = Debug|Any CPU
		{59C48B02-A608-437B-9A85-A6320A022AEB}.Debug|Any CPU.Build.0 = Debug|Any CPU
		{59C48B02-A608-437B-9A85-A6320A022AEB}.Release|Any CPU.ActiveCfg = Release|Any CPU
		{59C48B02-A608-437B-9A85-A6320A022AEB}.Release|Any CPU.Build.0 = Release|Any CPU
		{0B4C37F2-B542-4DD7-A374-5E336C484C0B}.Debug|Any CPU.ActiveCfg = Debug|Any CPU
		{0B4C37F2-B542-4DD7-A374-5E336C484C0B}.Debug|Any CPU.Build.0 = Debug|Any CPU
		{0B4C37F2-B542-4DD7-A374-5E336C484C0B}.Release|Any CPU.ActiveCfg = Release|Any CPU
		{0B4C37F2-B542-4DD7-A374-5E336C484C0B}.Release|Any CPU.Build.0 = Release|Any CPU
		{EE875D94-B767-43DD-AD52-8F0D06284405}.Debug|Any CPU.ActiveCfg = Debug|Any CPU
		{EE875D94-B767-43DD-AD52-8F0D06284405}.Debug|Any CPU.Build.0 = Debug|Any CPU
		{EE875D94-B767-43DD-AD52-8F0D06284405}.Release|Any CPU.ActiveCfg = Release|Any CPU
		{EE875D94-B767-43DD-AD52-8F0D06284405}.Release|Any CPU.Build.0 = Release|Any CPU
		{A3901ED0-0103-4885-996C-C618DFE196C3}.Debug|Any CPU.ActiveCfg = Debug|Any CPU
		{A3901ED0-0103-4885-996C-C618DFE196C3}.Debug|Any CPU.Build.0 = Debug|Any CPU
		{A3901ED0-0103-4885-996C-C618DFE196C3}.Release|Any CPU.ActiveCfg = Release|Any CPU
		{A3901ED0-0103-4885-996C-C618DFE196C3}.Release|Any CPU.Build.0 = Release|Any CPU
		{5820483A-FB22-4B12-A8E6-E7464849F3F0}.Debug|Any CPU.ActiveCfg = Debug|Any CPU
		{5820483A-FB22-4B12-A8E6-E7464849F3F0}.Debug|Any CPU.Build.0 = Debug|Any CPU
		{5820483A-FB22-4B12-A8E6-E7464849F3F0}.Release|Any CPU.ActiveCfg = Release|Any CPU
		{5820483A-FB22-4B12-A8E6-E7464849F3F0}.Release|Any CPU.Build.0 = Release|Any CPU
		{EE376505-2A17-41DD-9182-FCCAC6E60D34}.Debug|Any CPU.ActiveCfg = Debug|Any CPU
		{EE376505-2A17-41DD-9182-FCCAC6E60D34}.Debug|Any CPU.Build.0 = Debug|Any CPU
		{EE376505-2A17-41DD-9182-FCCAC6E60D34}.Release|Any CPU.ActiveCfg = Release|Any CPU
		{EE376505-2A17-41DD-9182-FCCAC6E60D34}.Release|Any CPU.Build.0 = Release|Any CPU
		{A99650D0-D266-4E8A-913B-87E5C0B0DF69}.Debug|Any CPU.ActiveCfg = Debug|Any CPU
		{A99650D0-D266-4E8A-913B-87E5C0B0DF69}.Debug|Any CPU.Build.0 = Debug|Any CPU
		{A99650D0-D266-4E8A-913B-87E5C0B0DF69}.Release|Any CPU.ActiveCfg = Release|Any CPU
		{A99650D0-D266-4E8A-913B-87E5C0B0DF69}.Release|Any CPU.Build.0 = Release|Any CPU
	EndGlobalSection
	GlobalSection(SolutionProperties) = preSolution
		HideSolutionNode = FALSE
	EndGlobalSection
EndGlobal
