
Microsoft Visual Studio Solution File, Format Version 12.00
# Visual Studio 15
VisualStudioVersion = 15.0.26430.15
MinimumVisualStudioVersion = 10.0.40219.1
Project("{FAE04EC0-301F-11D3-BF4B-00C04F79EFBC}") = "1-1. Match Full Name", "1-1. Match Full Name\1-1. Match Full Name.csproj", "{07F79CA6-1B36-4B1F-946C-0D1091705F70}"
EndProject
Project("{FAE04EC0-301F-11D3-BF4B-00C04F79EFBC}") = "1-2. Match Phone Number", "1-2. Match Phone Number\1-2. Match Phone Number.csproj", "{77E290BE-E54F-4674-913E-A89770C9DD0A}"
EndProject
Project("{FAE04EC0-301F-11D3-BF4B-00C04F79EFBC}") = "1-3. Match Hexadecimal", "1-3. Match Hexadecimal Numbers\1-3. Match Hexadecimal.csproj", "{EB630A59-EA97-44F5-A5A8-411D01C1B63B}"
EndProject
Project("{FAE04EC0-301F-11D3-BF4B-00C04F79EFBC}") = "1-4. Match Dates", "1-4. Match Dates\1-4. Match Dates.csproj", "{854B913B-3B79-4092-AFEE-6D7D4AE277F8}"
EndProject
Project("{FAE04EC0-301F-11D3-BF4B-00C04F79EFBC}") = "1-5. Match Numbers", "1-5. Match Numbers\1-5. Match Numbers.csproj", "{E32AD74D-B2D7-49DC-8062-7513715A24C4}"
EndProject
Project("{FAE04EC0-301F-11D3-BF4B-00C04F79EFBC}") = "1-6. ReplaceTag", "1-6. ReplaceTag\1-6. ReplaceTag.csproj", "{B7E49E6E-79EE-4838-9577-2F2962ACAD2C}"
EndProject
Project("{FAE04EC0-301F-11D3-BF4B-00C04F79EFBC}") = "2-1. Cards", "2-1. Cards\2-1. Cards.csproj", "{7D67A69B-D324-4959-BC3A-49731F6305F7}"
EndProject
Project("{FAE04EC0-301F-11D3-BF4B-00C04F79EFBC}") = "2-2. Word Encounter", "2-2. Word Encounter\2-2. Word Encounter.csproj", "{B2C2C5B8-DA06-4AA7-A1EE-011F4F529B90}"
EndProject
Project("{FAE04EC0-301F-11D3-BF4B-00C04F79EFBC}") = "lab", "lab\lab.csproj", "{80513004-A031-4D5D-AB0E-3749A5BCC2B9}"
EndProject
Project("{FAE04EC0-301F-11D3-BF4B-00C04F79EFBC}") = "2-3. Booming Cannon", "2-3. Booming Cannon\2-3. Booming Cannon.csproj", "{3F1C5749-F37A-48D6-B158-2838B51D3F9D}"
EndProject
Project("{FAE04EC0-301F-11D3-BF4B-00C04F79EFBC}") = "2-4. Grocery Shop", "2-4. Grocery Shop\2-4. Grocery Shop.csproj", "{0B9970AC-B283-4506-A67C-C00190E04394}"
EndProject
Project("{FAE04EC0-301F-11D3-BF4B-00C04F79EFBC}") = "2-5. SoftUni Messages", "2-5. SoftUni Messages\2-5. SoftUni Messages.csproj", "{F01552AF-E0C4-4266-BFD4-C7086823BE6C}"
EndProject
Project("{FAE04EC0-301F-11D3-BF4B-00C04F79EFBC}") = "2-5. SoftUni Messages--2", "2-5. SoftUni Messages--2\2-5. SoftUni Messages--2.csproj", "{6C1FE372-58F8-45DC-9155-65273818EFDE}"
EndProject
Project("{FAE04EC0-301F-11D3-BF4B-00C04F79EFBC}") = "2-6. Fish Statistics", "2-6. Fish Statistics\2-6. Fish Statistics.csproj", "{54137A8E-D8F7-40A8-824F-EB069786E69B}"
EndProject
Project("{FAE04EC0-301F-11D3-BF4B-00C04F79EFBC}") = "2-7. Happiness Index", "2-7. Happiness Index\2-7. Happiness Index.csproj", "{75216F52-070F-4E90-A8A3-7E3372A0C0B0}"
EndProject
Global
	GlobalSection(SolutionConfigurationPlatforms) = preSolution
		Debug|Any CPU = Debug|Any CPU
		Release|Any CPU = Release|Any CPU
	EndGlobalSection
	GlobalSection(ProjectConfigurationPlatforms) = postSolution
		{07F79CA6-1B36-4B1F-946C-0D1091705F70}.Debug|Any CPU.ActiveCfg = Debug|Any CPU
		{07F79CA6-1B36-4B1F-946C-0D1091705F70}.Debug|Any CPU.Build.0 = Debug|Any CPU
		{07F79CA6-1B36-4B1F-946C-0D1091705F70}.Release|Any CPU.ActiveCfg = Release|Any CPU
		{07F79CA6-1B36-4B1F-946C-0D1091705F70}.Release|Any CPU.Build.0 = Release|Any CPU
		{77E290BE-E54F-4674-913E-A89770C9DD0A}.Debug|Any CPU.ActiveCfg = Debug|Any CPU
		{77E290BE-E54F-4674-913E-A89770C9DD0A}.Debug|Any CPU.Build.0 = Debug|Any CPU
		{77E290BE-E54F-4674-913E-A89770C9DD0A}.Release|Any CPU.ActiveCfg = Release|Any CPU
		{77E290BE-E54F-4674-913E-A89770C9DD0A}.Release|Any CPU.Build.0 = Release|Any CPU
		{EB630A59-EA97-44F5-A5A8-411D01C1B63B}.Debug|Any CPU.ActiveCfg = Debug|Any CPU
		{EB630A59-EA97-44F5-A5A8-411D01C1B63B}.Debug|Any CPU.Build.0 = Debug|Any CPU
		{EB630A59-EA97-44F5-A5A8-411D01C1B63B}.Release|Any CPU.ActiveCfg = Release|Any CPU
		{EB630A59-EA97-44F5-A5A8-411D01C1B63B}.Release|Any CPU.Build.0 = Release|Any CPU
		{854B913B-3B79-4092-AFEE-6D7D4AE277F8}.Debug|Any CPU.ActiveCfg = Debug|Any CPU
		{854B913B-3B79-4092-AFEE-6D7D4AE277F8}.Debug|Any CPU.Build.0 = Debug|Any CPU
		{854B913B-3B79-4092-AFEE-6D7D4AE277F8}.Release|Any CPU.ActiveCfg = Release|Any CPU
		{854B913B-3B79-4092-AFEE-6D7D4AE277F8}.Release|Any CPU.Build.0 = Release|Any CPU
		{E32AD74D-B2D7-49DC-8062-7513715A24C4}.Debug|Any CPU.ActiveCfg = Debug|Any CPU
		{E32AD74D-B2D7-49DC-8062-7513715A24C4}.Debug|Any CPU.Build.0 = Debug|Any CPU
		{E32AD74D-B2D7-49DC-8062-7513715A24C4}.Release|Any CPU.ActiveCfg = Release|Any CPU
		{E32AD74D-B2D7-49DC-8062-7513715A24C4}.Release|Any CPU.Build.0 = Release|Any CPU
		{B7E49E6E-79EE-4838-9577-2F2962ACAD2C}.Debug|Any CPU.ActiveCfg = Debug|Any CPU
		{B7E49E6E-79EE-4838-9577-2F2962ACAD2C}.Debug|Any CPU.Build.0 = Debug|Any CPU
		{B7E49E6E-79EE-4838-9577-2F2962ACAD2C}.Release|Any CPU.ActiveCfg = Release|Any CPU
		{B7E49E6E-79EE-4838-9577-2F2962ACAD2C}.Release|Any CPU.Build.0 = Release|Any CPU
		{7D67A69B-D324-4959-BC3A-49731F6305F7}.Debug|Any CPU.ActiveCfg = Debug|Any CPU
		{7D67A69B-D324-4959-BC3A-49731F6305F7}.Debug|Any CPU.Build.0 = Debug|Any CPU
		{7D67A69B-D324-4959-BC3A-49731F6305F7}.Release|Any CPU.ActiveCfg = Release|Any CPU
		{7D67A69B-D324-4959-BC3A-49731F6305F7}.Release|Any CPU.Build.0 = Release|Any CPU
		{B2C2C5B8-DA06-4AA7-A1EE-011F4F529B90}.Debug|Any CPU.ActiveCfg = Debug|Any CPU
		{B2C2C5B8-DA06-4AA7-A1EE-011F4F529B90}.Debug|Any CPU.Build.0 = Debug|Any CPU
		{B2C2C5B8-DA06-4AA7-A1EE-011F4F529B90}.Release|Any CPU.ActiveCfg = Release|Any CPU
		{B2C2C5B8-DA06-4AA7-A1EE-011F4F529B90}.Release|Any CPU.Build.0 = Release|Any CPU
		{80513004-A031-4D5D-AB0E-3749A5BCC2B9}.Debug|Any CPU.ActiveCfg = Debug|Any CPU
		{80513004-A031-4D5D-AB0E-3749A5BCC2B9}.Debug|Any CPU.Build.0 = Debug|Any CPU
		{80513004-A031-4D5D-AB0E-3749A5BCC2B9}.Release|Any CPU.ActiveCfg = Release|Any CPU
		{80513004-A031-4D5D-AB0E-3749A5BCC2B9}.Release|Any CPU.Build.0 = Release|Any CPU
		{3F1C5749-F37A-48D6-B158-2838B51D3F9D}.Debug|Any CPU.ActiveCfg = Debug|Any CPU
		{3F1C5749-F37A-48D6-B158-2838B51D3F9D}.Debug|Any CPU.Build.0 = Debug|Any CPU
		{3F1C5749-F37A-48D6-B158-2838B51D3F9D}.Release|Any CPU.ActiveCfg = Release|Any CPU
		{3F1C5749-F37A-48D6-B158-2838B51D3F9D}.Release|Any CPU.Build.0 = Release|Any CPU
		{0B9970AC-B283-4506-A67C-C00190E04394}.Debug|Any CPU.ActiveCfg = Debug|Any CPU
		{0B9970AC-B283-4506-A67C-C00190E04394}.Debug|Any CPU.Build.0 = Debug|Any CPU
		{0B9970AC-B283-4506-A67C-C00190E04394}.Release|Any CPU.ActiveCfg = Release|Any CPU
		{0B9970AC-B283-4506-A67C-C00190E04394}.Release|Any CPU.Build.0 = Release|Any CPU
		{F01552AF-E0C4-4266-BFD4-C7086823BE6C}.Debug|Any CPU.ActiveCfg = Debug|Any CPU
		{F01552AF-E0C4-4266-BFD4-C7086823BE6C}.Debug|Any CPU.Build.0 = Debug|Any CPU
		{F01552AF-E0C4-4266-BFD4-C7086823BE6C}.Release|Any CPU.ActiveCfg = Release|Any CPU
		{F01552AF-E0C4-4266-BFD4-C7086823BE6C}.Release|Any CPU.Build.0 = Release|Any CPU
		{6C1FE372-58F8-45DC-9155-65273818EFDE}.Debug|Any CPU.ActiveCfg = Debug|Any CPU
		{6C1FE372-58F8-45DC-9155-65273818EFDE}.Debug|Any CPU.Build.0 = Debug|Any CPU
		{6C1FE372-58F8-45DC-9155-65273818EFDE}.Release|Any CPU.ActiveCfg = Release|Any CPU
		{6C1FE372-58F8-45DC-9155-65273818EFDE}.Release|Any CPU.Build.0 = Release|Any CPU
		{54137A8E-D8F7-40A8-824F-EB069786E69B}.Debug|Any CPU.ActiveCfg = Debug|Any CPU
		{54137A8E-D8F7-40A8-824F-EB069786E69B}.Debug|Any CPU.Build.0 = Debug|Any CPU
		{54137A8E-D8F7-40A8-824F-EB069786E69B}.Release|Any CPU.ActiveCfg = Release|Any CPU
		{54137A8E-D8F7-40A8-824F-EB069786E69B}.Release|Any CPU.Build.0 = Release|Any CPU
		{75216F52-070F-4E90-A8A3-7E3372A0C0B0}.Debug|Any CPU.ActiveCfg = Debug|Any CPU
		{75216F52-070F-4E90-A8A3-7E3372A0C0B0}.Debug|Any CPU.Build.0 = Debug|Any CPU
		{75216F52-070F-4E90-A8A3-7E3372A0C0B0}.Release|Any CPU.ActiveCfg = Release|Any CPU
		{75216F52-070F-4E90-A8A3-7E3372A0C0B0}.Release|Any CPU.Build.0 = Release|Any CPU
	EndGlobalSection
	GlobalSection(SolutionProperties) = preSolution
		HideSolutionNode = FALSE
	EndGlobalSection
EndGlobal
