
Microsoft Visual Studio Solution File, Format Version 12.00
# Visual Studio 15
VisualStudioVersion = 15.0.26430.15
MinimumVisualStudioVersion = 10.0.40219.1
Project("{FAE04EC0-301F-11D3-BF4B-00C04F79EFBC}") = "I. File Operations", "I. File Operations\I. File Operations.csproj", "{37C99A26-5BC0-4FAB-A60B-6B47C75F0FD7}"
EndProject
Project("{FAE04EC0-301F-11D3-BF4B-00C04F79EFBC}") = "1-1. Odd Lines", "1-1. Odd Lines\1-1. Odd Lines.csproj", "{9947E72D-AFEE-42A8-BBB4-02639AFE7B15}"
EndProject
Project("{FAE04EC0-301F-11D3-BF4B-00C04F79EFBC}") = "1-2. Line Numbers", "1-2. Line Numbers\1-2. Line Numbers.csproj", "{9EA140CA-FB8B-4576-B82F-A5307F6756B4}"
EndProject
Global
	GlobalSection(SolutionConfigurationPlatforms) = preSolution
		Debug|Any CPU = Debug|Any CPU
		Release|Any CPU = Release|Any CPU
	EndGlobalSection
	GlobalSection(ProjectConfigurationPlatforms) = postSolution
		{37C99A26-5BC0-4FAB-A60B-6B47C75F0FD7}.Debug|Any CPU.ActiveCfg = Debug|Any CPU
		{37C99A26-5BC0-4FAB-A60B-6B47C75F0FD7}.Debug|Any CPU.Build.0 = Debug|Any CPU
		{37C99A26-5BC0-4FAB-A60B-6B47C75F0FD7}.Release|Any CPU.ActiveCfg = Release|Any CPU
		{37C99A26-5BC0-4FAB-A60B-6B47C75F0FD7}.Release|Any CPU.Build.0 = Release|Any CPU
		{9947E72D-AFEE-42A8-BBB4-02639AFE7B15}.Debug|Any CPU.ActiveCfg = Debug|Any CPU
		{9947E72D-AFEE-42A8-BBB4-02639AFE7B15}.Debug|Any CPU.Build.0 = Debug|Any CPU
		{9947E72D-AFEE-42A8-BBB4-02639AFE7B15}.Release|Any CPU.ActiveCfg = Release|Any CPU
		{9947E72D-AFEE-42A8-BBB4-02639AFE7B15}.Release|Any CPU.Build.0 = Release|Any CPU
		{9EA140CA-FB8B-4576-B82F-A5307F6756B4}.Debug|Any CPU.ActiveCfg = Debug|Any CPU
		{9EA140CA-FB8B-4576-B82F-A5307F6756B4}.Debug|Any CPU.Build.0 = Debug|Any CPU
		{9EA140CA-FB8B-4576-B82F-A5307F6756B4}.Release|Any CPU.ActiveCfg = Release|Any CPU
		{9EA140CA-FB8B-4576-B82F-A5307F6756B4}.Release|Any CPU.Build.0 = Release|Any CPU
	EndGlobalSection
	GlobalSection(SolutionProperties) = preSolution
		HideSolutionNode = FALSE
	EndGlobalSection
EndGlobal
